
Microsoft Visual Studio Solution File, Format Version 12.00
# Visual Studio Version 17
Project("{2150E333-8FDC-42A3-9474-1A3956D46DE8}") = "CMakePredefinedTargets", "CMakePredefinedTargets", "{F9C8A3B9-C1FA-3011-8100-7B4CCDA958A6}"
EndProject
Project("{2150E333-8FDC-42A3-9474-1A3956D46DE8}") = "External", "External", "{E97D0B6F-BB09-3CB1-A162-2B982A062D42}"
EndProject
Project("{2150E333-8FDC-42A3-9474-1A3956D46DE8}") = "Internal", "Internal", "{21290BE6-83A4-321D-BBAF-FBDC0931ED2E}"
EndProject
Project("{8BC9CEB8-8B4A-11D0-8D11-00A0C91BC942}") = "ALL_BUILD", "ALL_BUILD.vcxproj", "{219E8B6D-CA73-33BA-BC47-19E1ED3D5DEC}"
	ProjectSection(ProjectDependencies) = postProject
		{F3D32A6F-367E-393C-A775-2BF5CC1D3E99} = {F3D32A6F-367E-393C-A775-2BF5CC1D3E99}
		{E22C8ACD-C9EB-31EC-B81F-17D589ED94C3} = {E22C8ACD-C9EB-31EC-B81F-17D589ED94C3}
		{35612871-E4CB-3A88-80BA-9CB7B68AAF18} = {35612871-E4CB-3A88-80BA-9CB7B68AAF18}
		{111D3611-C4B8-322A-B501-EE90A43E04DB} = {111D3611-C4B8-322A-B501-EE90A43E04DB}
		{1A2A6DD9-FB44-39CC-8868-53B51381E6FD} = {1A2A6DD9-FB44-39CC-8868-53B51381E6FD}
		{4BD1190C-A381-38A7-89EB-F5301D93EE6C} = {4BD1190C-A381-38A7-89EB-F5301D93EE6C}
		{DDA38876-A720-3DC9-B9EE-350E4813393B} = {DDA38876-A720-3DC9-B9EE-350E4813393B}
		{F966209C-6781-3B69-9EE1-D9975963B4F0} = {F966209C-6781-3B69-9EE1-D9975963B4F0}
		{25E146DE-FA35-33CD-8B4B-20BED11DD0F6} = {25E146DE-FA35-33CD-8B4B-20BED11DD0F6}
		{04520DEC-5A82-31A9-8DCE-AFC79AF86AE4} = {04520DEC-5A82-31A9-8DCE-AFC79AF86AE4}
		{D3CBB920-3BD7-341A-9678-1A06217C3489} = {D3CBB920-3BD7-341A-9678-1A06217C3489}
		{1011E167-F1F9-373F-AD48-E06E5821F288} = {1011E167-F1F9-373F-AD48-E06E5821F288}
		{ACB26737-8B85-3088-BABF-300A942FB676} = {ACB26737-8B85-3088-BABF-300A942FB676}
	EndProjectSection
EndProject
Project("{8BC9CEB8-8B4A-11D0-8D11-00A0C91BC942}") = "ZERO_CHECK", "..\..\..\\ZERO_CHECK.vcxproj", "{F3D32A6F-367E-393C-A775-2BF5CC1D3E99}"
	ProjectSection(ProjectDependencies) = postProject
	EndProjectSection
EndProject
Project("{8BC9CEB8-8B4A-11D0-8D11-00A0C91BC942}") = "cocos2d", "cocos2d.vcxproj", "{E22C8ACD-C9EB-31EC-B81F-17D589ED94C3}"
	ProjectSection(ProjectDependencies) = postProject
		{F3D32A6F-367E-393C-A775-2BF5CC1D3E99} = {F3D32A6F-367E-393C-A775-2BF5CC1D3E99}
		{35612871-E4CB-3A88-80BA-9CB7B68AAF18} = {35612871-E4CB-3A88-80BA-9CB7B68AAF18}
		{111D3611-C4B8-322A-B501-EE90A43E04DB} = {111D3611-C4B8-322A-B501-EE90A43E04DB}
		{1A2A6DD9-FB44-39CC-8868-53B51381E6FD} = {1A2A6DD9-FB44-39CC-8868-53B51381E6FD}
		{4BD1190C-A381-38A7-89EB-F5301D93EE6C} = {4BD1190C-A381-38A7-89EB-F5301D93EE6C}
		{DDA38876-A720-3DC9-B9EE-350E4813393B} = {DDA38876-A720-3DC9-B9EE-350E4813393B}
		{F966209C-6781-3B69-9EE1-D9975963B4F0} = {F966209C-6781-3B69-9EE1-D9975963B4F0}
		{25E146DE-FA35-33CD-8B4B-20BED11DD0F6} = {25E146DE-FA35-33CD-8B4B-20BED11DD0F6}
		{04520DEC-5A82-31A9-8DCE-AFC79AF86AE4} = {04520DEC-5A82-31A9-8DCE-AFC79AF86AE4}
		{D3CBB920-3BD7-341A-9678-1A06217C3489} = {D3CBB920-3BD7-341A-9678-1A06217C3489}
		{1011E167-F1F9-373F-AD48-E06E5821F288} = {1011E167-F1F9-373F-AD48-E06E5821F288}
		{ACB26737-8B85-3088-BABF-300A942FB676} = {ACB26737-8B85-3088-BABF-300A942FB676}
	EndProjectSection
EndProject
Project("{8BC9CEB8-8B4A-11D0-8D11-00A0C91BC942}") = "ext_clipper", "..\..\external\clipper\ext_clipper.vcxproj", "{35612871-E4CB-3A88-80BA-9CB7B68AAF18}"
	ProjectSection(ProjectDependencies) = postProject
		{F3D32A6F-367E-393C-A775-2BF5CC1D3E99} = {F3D32A6F-367E-393C-A775-2BF5CC1D3E99}
	EndProjectSection
EndProject
Project("{8BC9CEB8-8B4A-11D0-8D11-00A0C91BC942}") = "ext_convertUTF", "..\..\external\ConvertUTF\ext_convertUTF.vcxproj", "{111D3611-C4B8-322A-B501-EE90A43E04DB}"
	ProjectSection(ProjectDependencies) = postProject
		{F3D32A6F-367E-393C-A775-2BF5CC1D3E99} = {F3D32A6F-367E-393C-A775-2BF5CC1D3E99}
	EndProjectSection
EndProject
Project("{8BC9CEB8-8B4A-11D0-8D11-00A0C91BC942}") = "ext_edtaa3func", "..\..\external\edtaa3func\ext_edtaa3func.vcxproj", "{1A2A6DD9-FB44-39CC-8868-53B51381E6FD}"
	ProjectSection(ProjectDependencies) = postProject
		{F3D32A6F-367E-393C-A775-2BF5CC1D3E99} = {F3D32A6F-367E-393C-A775-2BF5CC1D3E99}
	EndProjectSection
EndProject
Project("{8BC9CEB8-8B4A-11D0-8D11-00A0C91BC942}") = "ext_md5", "..\..\external\md5\ext_md5.vcxproj", "{4BD1190C-A381-38A7-89EB-F5301D93EE6C}"
	ProjectSection(ProjectDependencies) = postProject
		{F3D32A6F-367E-393C-A775-2BF5CC1D3E99} = {F3D32A6F-367E-393C-A775-2BF5CC1D3E99}
	EndProjectSection
EndProject
Project("{8BC9CEB8-8B4A-11D0-8D11-00A0C91BC942}") = "ext_poly2tri", "..\..\external\poly2tri\ext_poly2tri.vcxproj", "{DDA38876-A720-3DC9-B9EE-350E4813393B}"
	ProjectSection(ProjectDependencies) = postProject
		{F3D32A6F-367E-393C-A775-2BF5CC1D3E99} = {F3D32A6F-367E-393C-A775-2BF5CC1D3E99}
	EndProjectSection
EndProject
Project("{8BC9CEB8-8B4A-11D0-8D11-00A0C91BC942}") = "ext_recast", "..\..\external\recast\ext_recast.vcxproj", "{F966209C-6781-3B69-9EE1-D9975963B4F0}"
	ProjectSection(ProjectDependencies) = postProject
		{F3D32A6F-367E-393C-A775-2BF5CC1D3E99} = {F3D32A6F-367E-393C-A775-2BF5CC1D3E99}
	EndProjectSection
EndProject
Project("{8BC9CEB8-8B4A-11D0-8D11-00A0C91BC942}") = "ext_tinyxml2", "..\..\external\tinyxml2\ext_tinyxml2.vcxproj", "{25E146DE-FA35-33CD-8B4B-20BED11DD0F6}"
	ProjectSection(ProjectDependencies) = postProject
		{F3D32A6F-367E-393C-A775-2BF5CC1D3E99} = {F3D32A6F-367E-393C-A775-2BF5CC1D3E99}
	EndProjectSection
EndProject
Project("{8BC9CEB8-8B4A-11D0-8D11-00A0C91BC942}") = "ext_unzip", "..\..\external\unzip\ext_unzip.vcxproj", "{04520DEC-5A82-31A9-8DCE-AFC79AF86AE4}"
	ProjectSection(ProjectDependencies) = postProject
		{F3D32A6F-367E-393C-A775-2BF5CC1D3E99} = {F3D32A6F-367E-393C-A775-2BF5CC1D3E99}
	EndProjectSection
EndProject
Project("{8BC9CEB8-8B4A-11D0-8D11-00A0C91BC942}") = "ext_xxhash", "..\..\external\xxhash\ext_xxhash.vcxproj", "{D3CBB920-3BD7-341A-9678-1A06217C3489}"
	ProjectSection(ProjectDependencies) = postProject
		{F3D32A6F-367E-393C-A775-2BF5CC1D3E99} = {F3D32A6F-367E-393C-A775-2BF5CC1D3E99}
	EndProjectSection
EndProject
Project("{8BC9CEB8-8B4A-11D0-8D11-00A0C91BC942}") = "ext_xxtea", "..\..\external\xxtea\ext_xxtea.vcxproj", "{1011E167-F1F9-373F-AD48-E06E5821F288}"
	ProjectSection(ProjectDependencies) = postProject
		{F3D32A6F-367E-393C-A775-2BF5CC1D3E99} = {F3D32A6F-367E-393C-A775-2BF5CC1D3E99}
	EndProjectSection
EndProject
Project("{8BC9CEB8-8B4A-11D0-8D11-00A0C91BC942}") = "external", "..\..\external\external.vcxproj", "{ACB26737-8B85-3088-BABF-300A942FB676}"
	ProjectSection(ProjectDependencies) = postProject
		{F3D32A6F-367E-393C-A775-2BF5CC1D3E99} = {F3D32A6F-367E-393C-A775-2BF5CC1D3E99}
		{35612871-E4CB-3A88-80BA-9CB7B68AAF18} = {35612871-E4CB-3A88-80BA-9CB7B68AAF18}
		{111D3611-C4B8-322A-B501-EE90A43E04DB} = {111D3611-C4B8-322A-B501-EE90A43E04DB}
		{1A2A6DD9-FB44-39CC-8868-53B51381E6FD} = {1A2A6DD9-FB44-39CC-8868-53B51381E6FD}
		{4BD1190C-A381-38A7-89EB-F5301D93EE6C} = {4BD1190C-A381-38A7-89EB-F5301D93EE6C}
		{DDA38876-A720-3DC9-B9EE-350E4813393B} = {DDA38876-A720-3DC9-B9EE-350E4813393B}
		{F966209C-6781-3B69-9EE1-D9975963B4F0} = {F966209C-6781-3B69-9EE1-D9975963B4F0}
		{25E146DE-FA35-33CD-8B4B-20BED11DD0F6} = {25E146DE-FA35-33CD-8B4B-20BED11DD0F6}
		{04520DEC-5A82-31A9-8DCE-AFC79AF86AE4} = {04520DEC-5A82-31A9-8DCE-AFC79AF86AE4}
		{D3CBB920-3BD7-341A-9678-1A06217C3489} = {D3CBB920-3BD7-341A-9678-1A06217C3489}
		{1011E167-F1F9-373F-AD48-E06E5821F288} = {1011E167-F1F9-373F-AD48-E06E5821F288}
	EndProjectSection
EndProject
Global
	GlobalSection(SolutionConfigurationPlatforms) = preSolution
		Debug|Win32 = Debug|Win32
		Release|Win32 = Release|Win32
		MinSizeRel|Win32 = MinSizeRel|Win32
		RelWithDebInfo|Win32 = RelWithDebInfo|Win32
	EndGlobalSection
	GlobalSection(ProjectConfigurationPlatforms) = postSolution
		{219E8B6D-CA73-33BA-BC47-19E1ED3D5DEC}.Debug|Win32.ActiveCfg = Debug|Win32
		{219E8B6D-CA73-33BA-BC47-19E1ED3D5DEC}.Release|Win32.ActiveCfg = Release|Win32
		{219E8B6D-CA73-33BA-BC47-19E1ED3D5DEC}.MinSizeRel|Win32.ActiveCfg = MinSizeRel|Win32
		{219E8B6D-CA73-33BA-BC47-19E1ED3D5DEC}.RelWithDebInfo|Win32.ActiveCfg = RelWithDebInfo|Win32
		{F3D32A6F-367E-393C-A775-2BF5CC1D3E99}.Debug|Win32.ActiveCfg = Debug|Win32
		{F3D32A6F-367E-393C-A775-2BF5CC1D3E99}.Debug|Win32.Build.0 = Debug|Win32
		{F3D32A6F-367E-393C-A775-2BF5CC1D3E99}.Release|Win32.ActiveCfg = Release|Win32
		{F3D32A6F-367E-393C-A775-2BF5CC1D3E99}.Release|Win32.Build.0 = Release|Win32
		{F3D32A6F-367E-393C-A775-2BF5CC1D3E99}.MinSizeRel|Win32.ActiveCfg = MinSizeRel|Win32
		{F3D32A6F-367E-393C-A775-2BF5CC1D3E99}.MinSizeRel|Win32.Build.0 = MinSizeRel|Win32
		{F3D32A6F-367E-393C-A775-2BF5CC1D3E99}.RelWithDebInfo|Win32.ActiveCfg = RelWithDebInfo|Win32
		{F3D32A6F-367E-393C-A775-2BF5CC1D3E99}.RelWithDebInfo|Win32.Build.0 = RelWithDebInfo|Win32
		{E22C8ACD-C9EB-31EC-B81F-17D589ED94C3}.Debug|Win32.ActiveCfg = Debug|Win32
		{E22C8ACD-C9EB-31EC-B81F-17D589ED94C3}.Debug|Win32.Build.0 = Debug|Win32
		{E22C8ACD-C9EB-31EC-B81F-17D589ED94C3}.Release|Win32.ActiveCfg = Release|Win32
		{E22C8ACD-C9EB-31EC-B81F-17D589ED94C3}.Release|Win32.Build.0 = Release|Win32
		{E22C8ACD-C9EB-31EC-B81F-17D589ED94C3}.MinSizeRel|Win32.ActiveCfg = MinSizeRel|Win32
		{E22C8ACD-C9EB-31EC-B81F-17D589ED94C3}.MinSizeRel|Win32.Build.0 = MinSizeRel|Win32
		{E22C8ACD-C9EB-31EC-B81F-17D589ED94C3}.RelWithDebInfo|Win32.ActiveCfg = RelWithDebInfo|Win32
		{E22C8ACD-C9EB-31EC-B81F-17D589ED94C3}.RelWithDebInfo|Win32.Build.0 = RelWithDebInfo|Win32
		{35612871-E4CB-3A88-80BA-9CB7B68AAF18}.Debug|Win32.ActiveCfg = Debug|Win32
		{35612871-E4CB-3A88-80BA-9CB7B68AAF18}.Debug|Win32.Build.0 = Debug|Win32
		{35612871-E4CB-3A88-80BA-9CB7B68AAF18}.Release|Win32.ActiveCfg = Release|Win32
		{35612871-E4CB-3A88-80BA-9CB7B68AAF18}.Release|Win32.Build.0 = Release|Win32
		{35612871-E4CB-3A88-80BA-9CB7B68AAF18}.MinSizeRel|Win32.ActiveCfg = MinSizeRel|Win32
		{35612871-E4CB-3A88-80BA-9CB7B68AAF18}.MinSizeRel|Win32.Build.0 = MinSizeRel|Win32
		{35612871-E4CB-3A88-80BA-9CB7B68AAF18}.RelWithDebInfo|Win32.ActiveCfg = RelWithDebInfo|Win32
		{35612871-E4CB-3A88-80BA-9CB7B68AAF18}.RelWithDebInfo|Win32.Build.0 = RelWithDebInfo|Win32
		{111D3611-C4B8-322A-B501-EE90A43E04DB}.Debug|Win32.ActiveCfg = Debug|Win32
		{111D3611-C4B8-322A-B501-EE90A43E04DB}.Debug|Win32.Build.0 = Debug|Win32
		{111D3611-C4B8-322A-B501-EE90A43E04DB}.Release|Win32.ActiveCfg = Release|Win32
		{111D3611-C4B8-322A-B501-EE90A43E04DB}.Release|Win32.Build.0 = Release|Win32
		{111D3611-C4B8-322A-B501-EE90A43E04DB}.MinSizeRel|Win32.ActiveCfg = MinSizeRel|Win32
		{111D3611-C4B8-322A-B501-EE90A43E04DB}.MinSizeRel|Win32.Build.0 = MinSizeRel|Win32
		{111D3611-C4B8-322A-B501-EE90A43E04DB}.RelWithDebInfo|Win32.ActiveCfg = RelWithDebInfo|Win32
		{111D3611-C4B8-322A-B501-EE90A43E04DB}.RelWithDebInfo|Win32.Build.0 = RelWithDebInfo|Win32
		{1A2A6DD9-FB44-39CC-8868-53B51381E6FD}.Debug|Win32.ActiveCfg = Debug|Win32
		{1A2A6DD9-FB44-39CC-8868-53B51381E6FD}.Debug|Win32.Build.0 = Debug|Win32
		{1A2A6DD9-FB44-39CC-8868-53B51381E6FD}.Release|Win32.ActiveCfg = Release|Win32
		{1A2A6DD9-FB44-39CC-8868-53B51381E6FD}.Release|Win32.Build.0 = Release|Win32
		{1A2A6DD9-FB44-39CC-8868-53B51381E6FD}.MinSizeRel|Win32.ActiveCfg = MinSizeRel|Win32
		{1A2A6DD9-FB44-39CC-8868-53B51381E6FD}.MinSizeRel|Win32.Build.0 = MinSizeRel|Win32
		{1A2A6DD9-FB44-39CC-8868-53B51381E6FD}.RelWithDebInfo|Win32.ActiveCfg = RelWithDebInfo|Win32
		{1A2A6DD9-FB44-39CC-8868-53B51381E6FD}.RelWithDebInfo|Win32.Build.0 = RelWithDebInfo|Win32
		{4BD1190C-A381-38A7-89EB-F5301D93EE6C}.Debug|Win32.ActiveCfg = Debug|Win32
		{4BD1190C-A381-38A7-89EB-F5301D93EE6C}.Debug|Win32.Build.0 = Debug|Win32
		{4BD1190C-A381-38A7-89EB-F5301D93EE6C}.Release|Win32.ActiveCfg = Release|Win32
		{4BD1190C-A381-38A7-89EB-F5301D93EE6C}.Release|Win32.Build.0 = Release|Win32
		{4BD1190C-A381-38A7-89EB-F5301D93EE6C}.MinSizeRel|Win32.ActiveCfg = MinSizeRel|Win32
		{4BD1190C-A381-38A7-89EB-F5301D93EE6C}.MinSizeRel|Win32.Build.0 = MinSizeRel|Win32
		{4BD1190C-A381-38A7-89EB-F5301D93EE6C}.RelWithDebInfo|Win32.ActiveCfg = RelWithDebInfo|Win32
		{4BD1190C-A381-38A7-89EB-F5301D93EE6C}.RelWithDebInfo|Win32.Build.0 = RelWithDebInfo|Win32
		{DDA38876-A720-3DC9-B9EE-350E4813393B}.Debug|Win32.ActiveCfg = Debug|Win32
		{DDA38876-A720-3DC9-B9EE-350E4813393B}.Debug|Win32.Build.0 = Debug|Win32
		{DDA38876-A720-3DC9-B9EE-350E4813393B}.Release|Win32.ActiveCfg = Release|Win32
		{DDA38876-A720-3DC9-B9EE-350E4813393B}.Release|Win32.Build.0 = Release|Win32
		{DDA38876-A720-3DC9-B9EE-350E4813393B}.MinSizeRel|Win32.ActiveCfg = MinSizeRel|Win32
		{DDA38876-A720-3DC9-B9EE-350E4813393B}.MinSizeRel|Win32.Build.0 = MinSizeRel|Win32
		{DDA38876-A720-3DC9-B9EE-350E4813393B}.RelWithDebInfo|Win32.ActiveCfg = RelWithDebInfo|Win32
		{DDA38876-A720-3DC9-B9EE-350E4813393B}.RelWithDebInfo|Win32.Build.0 = RelWithDebInfo|Win32
		{F966209C-6781-3B69-9EE1-D9975963B4F0}.Debug|Win32.ActiveCfg = Debug|Win32
		{F966209C-6781-3B69-9EE1-D9975963B4F0}.Debug|Win32.Build.0 = Debug|Win32
		{F966209C-6781-3B69-9EE1-D9975963B4F0}.Release|Win32.ActiveCfg = Release|Win32
		{F966209C-6781-3B69-9EE1-D9975963B4F0}.Release|Win32.Build.0 = Release|Win32
		{F966209C-6781-3B69-9EE1-D9975963B4F0}.MinSizeRel|Win32.ActiveCfg = MinSizeRel|Win32
		{F966209C-6781-3B69-9EE1-D9975963B4F0}.MinSizeRel|Win32.Build.0 = MinSizeRel|Win32
		{F966209C-6781-3B69-9EE1-D9975963B4F0}.RelWithDebInfo|Win32.ActiveCfg = RelWithDebInfo|Win32
		{F966209C-6781-3B69-9EE1-D9975963B4F0}.RelWithDebInfo|Win32.Build.0 = RelWithDebInfo|Win32
		{25E146DE-FA35-33CD-8B4B-20BED11DD0F6}.Debug|Win32.ActiveCfg = Debug|Win32
		{25E146DE-FA35-33CD-8B4B-20BED11DD0F6}.Debug|Win32.Build.0 = Debug|Win32
		{25E146DE-FA35-33CD-8B4B-20BED11DD0F6}.Release|Win32.ActiveCfg = Release|Win32
		{25E146DE-FA35-33CD-8B4B-20BED11DD0F6}.Release|Win32.Build.0 = Release|Win32
		{25E146DE-FA35-33CD-8B4B-20BED11DD0F6}.MinSizeRel|Win32.ActiveCfg = MinSizeRel|Win32
		{25E146DE-FA35-33CD-8B4B-20BED11DD0F6}.MinSizeRel|Win32.Build.0 = MinSizeRel|Win32
		{25E146DE-FA35-33CD-8B4B-20BED11DD0F6}.RelWithDebInfo|Win32.ActiveCfg = RelWithDebInfo|Win32
		{25E146DE-FA35-33CD-8B4B-20BED11DD0F6}.RelWithDebInfo|Win32.Build.0 = RelWithDebInfo|Win32
		{04520DEC-5A82-31A9-8DCE-AFC79AF86AE4}.Debug|Win32.ActiveCfg = Debug|Win32
		{04520DEC-5A82-31A9-8DCE-AFC79AF86AE4}.Debug|Win32.Build.0 = Debug|Win32
		{04520DEC-5A82-31A9-8DCE-AFC79AF86AE4}.Release|Win32.ActiveCfg = Release|Win32
		{04520DEC-5A82-31A9-8DCE-AFC79AF86AE4}.Release|Win32.Build.0 = Release|Win32
		{04520DEC-5A82-31A9-8DCE-AFC79AF86AE4}.MinSizeRel|Win32.ActiveCfg = MinSizeRel|Win32
		{04520DEC-5A82-31A9-8DCE-AFC79AF86AE4}.MinSizeRel|Win32.Build.0 = MinSizeRel|Win32
		{04520DEC-5A82-31A9-8DCE-AFC79AF86AE4}.RelWithDebInfo|Win32.ActiveCfg = RelWithDebInfo|Win32
		{04520DEC-5A82-31A9-8DCE-AFC79AF86AE4}.RelWithDebInfo|Win32.Build.0 = RelWithDebInfo|Win32
		{D3CBB920-3BD7-341A-9678-1A06217C3489}.Debug|Win32.ActiveCfg = Debug|Win32
		{D3CBB920-3BD7-341A-9678-1A06217C3489}.Debug|Win32.Build.0 = Debug|Win32
		{D3CBB920-3BD7-341A-9678-1A06217C3489}.Release|Win32.ActiveCfg = Release|Win32
		{D3CBB920-3BD7-341A-9678-1A06217C3489}.Release|Win32.Build.0 = Release|Win32
		{D3CBB920-3BD7-341A-9678-1A06217C3489}.MinSizeRel|Win32.ActiveCfg = MinSizeRel|Win32
		{D3CBB920-3BD7-341A-9678-1A06217C3489}.MinSizeRel|Win32.Build.0 = MinSizeRel|Win32
		{D3CBB920-3BD7-341A-9678-1A06217C3489}.RelWithDebInfo|Win32.ActiveCfg = RelWithDebInfo|Win32
		{D3CBB920-3BD7-341A-9678-1A06217C3489}.RelWithDebInfo|Win32.Build.0 = RelWithDebInfo|Win32
		{1011E167-F1F9-373F-AD48-E06E5821F288}.Debug|Win32.ActiveCfg = Debug|Win32
		{1011E167-F1F9-373F-AD48-E06E5821F288}.Debug|Win32.Build.0 = Debug|Win32
		{1011E167-F1F9-373F-AD48-E06E5821F288}.Release|Win32.ActiveCfg = Release|Win32
		{1011E167-F1F9-373F-AD48-E06E5821F288}.Release|Win32.Build.0 = Release|Win32
		{1011E167-F1F9-373F-AD48-E06E5821F288}.MinSizeRel|Win32.ActiveCfg = MinSizeRel|Win32
		{1011E167-F1F9-373F-AD48-E06E5821F288}.MinSizeRel|Win32.Build.0 = MinSizeRel|Win32
		{1011E167-F1F9-373F-AD48-E06E5821F288}.RelWithDebInfo|Win32.ActiveCfg = RelWithDebInfo|Win32
		{1011E167-F1F9-373F-AD48-E06E5821F288}.RelWithDebInfo|Win32.Build.0 = RelWithDebInfo|Win32
		{ACB26737-8B85-3088-BABF-300A942FB676}.Debug|Win32.ActiveCfg = Debug|Win32
		{ACB26737-8B85-3088-BABF-300A942FB676}.Debug|Win32.Build.0 = Debug|Win32
		{ACB26737-8B85-3088-BABF-300A942FB676}.Release|Win32.ActiveCfg = Release|Win32
		{ACB26737-8B85-3088-BABF-300A942FB676}.Release|Win32.Build.0 = Release|Win32
		{ACB26737-8B85-3088-BABF-300A942FB676}.MinSizeRel|Win32.ActiveCfg = MinSizeRel|Win32
		{ACB26737-8B85-3088-BABF-300A942FB676}.MinSizeRel|Win32.Build.0 = MinSizeRel|Win32
		{ACB26737-8B85-3088-BABF-300A942FB676}.RelWithDebInfo|Win32.ActiveCfg = RelWithDebInfo|Win32
		{ACB26737-8B85-3088-BABF-300A942FB676}.RelWithDebInfo|Win32.Build.0 = RelWithDebInfo|Win32
	EndGlobalSection
	GlobalSection(NestedProjects) = preSolution
		{219E8B6D-CA73-33BA-BC47-19E1ED3D5DEC} = {F9C8A3B9-C1FA-3011-8100-7B4CCDA958A6}
		{F3D32A6F-367E-393C-A775-2BF5CC1D3E99} = {F9C8A3B9-C1FA-3011-8100-7B4CCDA958A6}
		{35612871-E4CB-3A88-80BA-9CB7B68AAF18} = {E97D0B6F-BB09-3CB1-A162-2B982A062D42}
		{111D3611-C4B8-322A-B501-EE90A43E04DB} = {E97D0B6F-BB09-3CB1-A162-2B982A062D42}
		{1A2A6DD9-FB44-39CC-8868-53B51381E6FD} = {E97D0B6F-BB09-3CB1-A162-2B982A062D42}
		{4BD1190C-A381-38A7-89EB-F5301D93EE6C} = {E97D0B6F-BB09-3CB1-A162-2B982A062D42}
		{DDA38876-A720-3DC9-B9EE-350E4813393B} = {E97D0B6F-BB09-3CB1-A162-2B982A062D42}
		{F966209C-6781-3B69-9EE1-D9975963B4F0} = {E97D0B6F-BB09-3CB1-A162-2B982A062D42}
		{25E146DE-FA35-33CD-8B4B-20BED11DD0F6} = {E97D0B6F-BB09-3CB1-A162-2B982A062D42}
		{04520DEC-5A82-31A9-8DCE-AFC79AF86AE4} = {E97D0B6F-BB09-3CB1-A162-2B982A062D42}
		{D3CBB920-3BD7-341A-9678-1A06217C3489} = {E97D0B6F-BB09-3CB1-A162-2B982A062D42}
		{1011E167-F1F9-373F-AD48-E06E5821F288} = {E97D0B6F-BB09-3CB1-A162-2B982A062D42}
		{ACB26737-8B85-3088-BABF-300A942FB676} = {E97D0B6F-BB09-3CB1-A162-2B982A062D42}
		{E22C8ACD-C9EB-31EC-B81F-17D589ED94C3} = {21290BE6-83A4-321D-BBAF-FBDC0931ED2E}
	EndGlobalSection
	GlobalSection(ExtensibilityGlobals) = postSolution
		SolutionGuid = {6E226AA3-B986-39BC-BFAB-931A7E1B7B19}
	EndGlobalSection
	GlobalSection(ExtensibilityAddIns) = postSolution
	EndGlobalSection
EndGlobal
